
Microsoft Visual Studio Solution File, Format Version 12.00
# Visual Studio Version 16
VisualStudioVersion = 16.0.30907.101
MinimumVisualStudioVersion = 10.0.40219.1
Project("{FAE04EC0-301F-11D3-BF4B-00C04F79EFBC}") = "BLMS.v2", "BLMS.v2.csproj", "{D75F0BBA-497C-45B0-BAFD-8DA23DD9CDED}"
EndProject
Global
	GlobalSection(SolutionConfigurationPlatforms) = preSolution
		Debug|Any CPU = Debug|Any CPU
		Release|Any CPU = Release|Any CPU
	EndGlobalSection
	GlobalSection(ProjectConfigurationPlatforms) = postSolution
		{D75F0BBA-497C-45B0-BAFD-8DA23DD9CDED}.Debug|Any CPU.ActiveCfg = Debug|Any CPU
		{D75F0BBA-497C-45B0-BAFD-8DA23DD9CDED}.Debug|Any CPU.Build.0 = Debug|Any CPU
		{D75F0BBA-497C-45B0-BAFD-8DA23DD9CDED}.Release|Any CPU.ActiveCfg = Release|Any CPU
		{D75F0BBA-497C-45B0-BAFD-8DA23DD9CDED}.Release|Any CPU.Build.0 = Release|Any CPU
	EndGlobalSection
	GlobalSection(SolutionProperties) = preSolution
		HideSolutionNode = FALSE
	EndGlobalSection
	GlobalSection(ExtensibilityGlobals) = postSolution
		SolutionGuid = {12A3836D-307F-44C3-8663-D1ECF0260A73}
	EndGlobalSection
EndGlobal
